
Microsoft Visual Studio Solution File, Format Version 12.00
# Visual Studio Version 16
VisualStudioVersion = 16.0.30320.27
MinimumVisualStudioVersion = 15.0.26124.0
Project("{9A19103F-16F7-4668-BE54-9A1E7A4F7556}") = "GitHubJobServerSide", "GitHubJobServerSide\GitHubJobServerSide.csproj", "{12D2AFF9-B959-4DBB-8B73-9A97A9A842FB}"
EndProject
Global
	GlobalSection(SolutionConfigurationPlatforms) = preSolution
		Debug|Any CPU = Debug|Any CPU
		Debug|x64 = Debug|x64
		Debug|x86 = Debug|x86
		Release|Any CPU = Release|Any CPU
		Release|x64 = Release|x64
		Release|x86 = Release|x86
	EndGlobalSection
	GlobalSection(ProjectConfigurationPlatforms) = postSolution
		{12D2AFF9-B959-4DBB-8B73-9A97A9A842FB}.Debug|Any CPU.ActiveCfg = Debug|Any CPU
		{12D2AFF9-B959-4DBB-8B73-9A97A9A842FB}.Debug|Any CPU.Build.0 = Debug|Any CPU
		{12D2AFF9-B959-4DBB-8B73-9A97A9A842FB}.Debug|x64.ActiveCfg = Debug|Any CPU
		{12D2AFF9-B959-4DBB-8B73-9A97A9A842FB}.Debug|x64.Build.0 = Debug|Any CPU
		{12D2AFF9-B959-4DBB-8B73-9A97A9A842FB}.Debug|x86.ActiveCfg = Debug|Any CPU
		{12D2AFF9-B959-4DBB-8B73-9A97A9A842FB}.Debug|x86.Build.0 = Debug|Any CPU
		{12D2AFF9-B959-4DBB-8B73-9A97A9A842FB}.Release|Any CPU.ActiveCfg = Release|Any CPU
		{12D2AFF9-B959-4DBB-8B73-9A97A9A842FB}.Release|Any CPU.Build.0 = Release|Any CPU
		{12D2AFF9-B959-4DBB-8B73-9A97A9A842FB}.Release|x64.ActiveCfg = Release|Any CPU
		{12D2AFF9-B959-4DBB-8B73-9A97A9A842FB}.Release|x64.Build.0 = Release|Any CPU
		{12D2AFF9-B959-4DBB-8B73-9A97A9A842FB}.Release|x86.ActiveCfg = Release|Any CPU
		{12D2AFF9-B959-4DBB-8B73-9A97A9A842FB}.Release|x86.Build.0 = Release|Any CPU
	EndGlobalSection
	GlobalSection(SolutionProperties) = preSolution
		HideSolutionNode = FALSE
	EndGlobalSection
	GlobalSection(ExtensibilityGlobals) = postSolution
		SolutionGuid = {11992FD5-54B1-4434-A950-CCFD6637734B}
	EndGlobalSection
EndGlobal
